
Microsoft Visual Studio Solution File, Format Version 12.00
# Visual Studio Version 17
VisualStudioVersion = 17.5.002.0
MinimumVisualStudioVersion = 10.0.40219.1
Project("{9A19103F-16F7-4668-BE54-9A1E7A4F7556}") = "mslearn-modulo5-aula3-exercicios", "mslearn-modulo5-aula3-exercicios.csproj", "{6DCB7E30-8405-4B6A-94C5-740E69A2ED52}"
EndProject
Global
	GlobalSection(SolutionConfigurationPlatforms) = preSolution
		Debug|Any CPU = Debug|Any CPU
		Release|Any CPU = Release|Any CPU
	EndGlobalSection
	GlobalSection(ProjectConfigurationPlatforms) = postSolution
		{6DCB7E30-8405-4B6A-94C5-740E69A2ED52}.Debug|Any CPU.ActiveCfg = Debug|Any CPU
		{6DCB7E30-8405-4B6A-94C5-740E69A2ED52}.Debug|Any CPU.Build.0 = Debug|Any CPU
		{6DCB7E30-8405-4B6A-94C5-740E69A2ED52}.Release|Any CPU.ActiveCfg = Release|Any CPU
		{6DCB7E30-8405-4B6A-94C5-740E69A2ED52}.Release|Any CPU.Build.0 = Release|Any CPU
	EndGlobalSection
	GlobalSection(SolutionProperties) = preSolution
		HideSolutionNode = FALSE
	EndGlobalSection
	GlobalSection(ExtensibilityGlobals) = postSolution
		SolutionGuid = {78449777-7274-491F-BD8B-C644D7C351C3}
	EndGlobalSection
EndGlobal
